
Microsoft Visual Studio Solution File, Format Version 12.00
# Visual Studio Version 16
VisualStudioVersion = 16.0.29025.244
MinimumVisualStudioVersion = 10.0.40219.1
Project("{9A19103F-16F7-4668-BE54-9A1E7A4F7556}") = "pinktogether", "pinktogether\pinktogether.csproj", "{92CEAE58-4B94-426A-AC61-E374DB0CA748}"
EndProject
Project("{FAE04EC0-301F-11D3-BF4B-00C04F79EFBC}") = "DAL", "DAL\DAL.csproj", "{3313437C-70C0-435E-B021-71E0AA92CE5D}"
EndProject
Global
	GlobalSection(SolutionConfigurationPlatforms) = preSolution
		Debug|Any CPU = Debug|Any CPU
		Release|Any CPU = Release|Any CPU
	EndGlobalSection
	GlobalSection(ProjectConfigurationPlatforms) = postSolution
		{92CEAE58-4B94-426A-AC61-E374DB0CA748}.Debug|Any CPU.ActiveCfg = Debug|Any CPU
		{92CEAE58-4B94-426A-AC61-E374DB0CA748}.Debug|Any CPU.Build.0 = Debug|Any CPU
		{92CEAE58-4B94-426A-AC61-E374DB0CA748}.Release|Any CPU.ActiveCfg = Release|Any CPU
		{92CEAE58-4B94-426A-AC61-E374DB0CA748}.Release|Any CPU.Build.0 = Release|Any CPU
		{3313437C-70C0-435E-B021-71E0AA92CE5D}.Debug|Any CPU.ActiveCfg = Debug|Any CPU
		{3313437C-70C0-435E-B021-71E0AA92CE5D}.Debug|Any CPU.Build.0 = Debug|Any CPU
		{3313437C-70C0-435E-B021-71E0AA92CE5D}.Release|Any CPU.ActiveCfg = Release|Any CPU
		{3313437C-70C0-435E-B021-71E0AA92CE5D}.Release|Any CPU.Build.0 = Release|Any CPU
	EndGlobalSection
	GlobalSection(SolutionProperties) = preSolution
		HideSolutionNode = FALSE
	EndGlobalSection
	GlobalSection(ExtensibilityGlobals) = postSolution
		SolutionGuid = {408AF7CE-CA89-4FD8-A6CB-0ECFDFF1A07B}
	EndGlobalSection
EndGlobal
